<?xml version="1.0" encoding="utf-8"?>
<Project ToolsVersion="4.0" xmlns="http://schemas.microsoft.com/developer/msbuild/2003">
  <ItemGroup>
    <Filter Include="src">
      <UniqueIdentifier>{71e6dd4a-8c9c-4bcf-a544-8b7e0ef3a04d}</UniqueIdentifier>
    </Filter>
    <Filter Include="lib">
      <UniqueIdentifier>{260a9bee-7dc4-406f-a68e-81800adad99e}</UniqueIdentifier>
    </Filter>
    <Filter Include="bin">
      <UniqueIdentifier>{dc9064f9-3a95-474c-996a-ba0b96233789}</UniqueIdentifier>
    </Filter>
    <Filter Include="include">
      <UniqueIdentifier>{f9435dab-1563-4282-9606-a7b154f1c4d6}</UniqueIdentifier>
    </Filter>
    <Filter Include="shader">
      <UniqueIdentifier>{3dfc1b88-f8da-4677-83ce-9b52a07bf95f}</UniqueIdentifier>
    </Filter>
    <Filter Include="src\shaders">
      <UniqueIdentifier>{f4999e60-3261-42b5-b623-60ecbcbad4a1}</UniqueIdentifier>
    </Filter>
  </ItemGroup>
  <ItemGroup>
    <ClCompile Include="src\main.cpp">
      <Filter>src</Filter>
    </ClCompile>
    <ClCompile Include="src\Actor.cpp">
      <Filter>src</Filter>
    </ClCompile>
    <ClCompile Include="src\Camera.cpp">
      <Filter>src</Filter>
    </ClCompile>
    <ClCompile Include="src\Component.cpp">
      <Filter>src</Filter>
    </ClCompile>
    <ClCompile Include="src\World.cpp">
      <Filter>src</Filter>
    </ClCompile>
    <ClCompile Include="src\Mesh.cpp">
      <Filter>src</Filter>
    </ClCompile>
    <ClCompile Include="src\Model.cpp">
      <Filter>src</Filter>
    </ClCompile>
    <ClCompile Include="src\ModelRenderer.cpp">
      <Filter>src</Filter>
    </ClCompile>
    <ClCompile Include="src\Material.cpp">
      <Filter>src</Filter>
    </ClCompile>
    <ClCompile Include="src\Util.cpp">
      <Filter>src</Filter>
    </ClCompile>
    <ClCompile Include="src\Texture2d.cpp">
      <Filter>src</Filter>
    </ClCompile>
    <ClCompile Include="src\Textur2d.cpp" />
    <ClCompile Include="src\ShaderProgram.cpp">
      <Filter>src</Filter>
    </ClCompile>
    <ClCompile Include="src\FrameBufferDisplay.cpp">
      <Filter>src</Filter>
    </ClCompile>
  </ItemGroup>
  <ItemGroup>
    <ClInclude Include="src\Actor.h">
      <Filter>src</Filter>
    </ClInclude>
    <ClInclude Include="src\Camera.h">
      <Filter>src</Filter>
    </ClInclude>
    <ClInclude Include="src\Component.h">
      <Filter>src</Filter>
    </ClInclude>
    <ClInclude Include="src\World.h">
      <Filter>src</Filter>
    </ClInclude>
    <ClInclude Include="src\Mesh.h">
      <Filter>src</Filter>
    </ClInclude>
    <ClInclude Include="src\Model.h">
      <Filter>src</Filter>
    </ClInclude>
    <ClInclude Include="src\ModelRenderer.h">
      <Filter>src</Filter>
    </ClInclude>
    <ClInclude Include="src\Material.h">
      <Filter>src</Filter>
    </ClInclude>
    <ClInclude Include="src\Util.h">
      <Filter>src</Filter>
    </ClInclude>
    <ClInclude Include="src\Textur2d.h">
      <Filter>src</Filter>
    </ClInclude>
    <ClInclude Include="src\ShaderProgram.h">
      <Filter>src</Filter>
    </ClInclude>
    <ClInclude Include="src\FrameBufferDisplay.h">
      <Filter>src</Filter>
    </ClInclude>
  </ItemGroup>
  <ItemGroup>
    <None Include="src\shaders\testvert.glsl">
      <Filter>src\shaders</Filter>
    </None>
    <None Include="src\shaders\testfrag.glsl">
      <Filter>src\shaders</Filter>
    </None>
    <None Include="src\shaders\voxelize_vert.glsl">
      <Filter>src\shaders</Filter>
    </None>
    <None Include="src\shaders\voxelize_geom.glsl">
      <Filter>src\shaders</Filter>
    </None>
    <None Include="src\shaders\voxelize_frag.glsl">
      <Filter>src\shaders</Filter>
    </None>
    <None Include="src\shaders\framebuffer_color_vert.glsl">
      <Filter>src\shaders</Filter>
    </None>
    <None Include="src\shaders\framebuffer_color_frag.glsl">
      <Filter>src\shaders</Filter>
    </None>
    <None Include="src\shaders\voxel_visualize_vert.glsl">
      <Filter>src\shaders</Filter>
    </None>
    <None Include="src\shaders\voxel_visualize_frag.glsl">
      <Filter>src\shaders</Filter>
    </None>
  </ItemGroup>
</Project>